// !$*UTF8*$!
{
	archiveVersion = 1;
	classes = {
	};
	objectVersion = 46;
	objects = {

/* Begin PBXBuildFile section */
		A13AB5EE1AA584B3001FACF1 /* main.cpp in Sources */ = {isa = PBXBuildFile; fileRef = A13AB5ED1AA584B3001FACF1 /* main.cpp */; };
		A13AB74F1AA58DA9001FACF1 /* gtest.framework in Frameworks */ = {isa = PBXBuildFile; fileRef = A13AB74E1AA58DA9001FACF1 /* gtest.framework */; };
		A13AB7571AA58DEE001FACF1 /* pointer_funcs.cpp in Sources */ = {isa = PBXBuildFile; fileRef = A13AB7501AA58DBA001FACF1 /* pointer_funcs.cpp */; };
		A13AB7581AA58DEE001FACF1 /* pointer_funcs.h in Sources */ = {isa = PBXBuildFile; fileRef = A13AB7511AA58DBA001FACF1 /* pointer_funcs.h */; };
		A13AB7591AA58DEE001FACF1 /* 1_find_next_tests.cpp in Sources */ = {isa = PBXBuildFile; fileRef = A13AB7531AA58DBA001FACF1 /* 1_find_next_tests.cpp */; };
		A13AB75A1AA58DEE001FACF1 /* 2_find_nth_tests.cpp in Sources */ = {isa = PBXBuildFile; fileRef = A13AB7541AA58DBA001FACF1 /* 2_find_nth_tests.cpp */; };
		A13AB75B1AA58DEE001FACF1 /* 3_get_value_tests.cpp in Sources */ = {isa = PBXBuildFile; fileRef = A13AB7551AA58DBA001FACF1 /* 3_get_value_tests.cpp */; };
		A13AB75C1AA58DEE001FACF1 /* 4_get_nth_value_tests.cpp in Sources */ = {isa = PBXBuildFile; fileRef = A13AB7561AA58DBA001FACF1 /* 4_get_nth_value_tests.cpp */; };
/* End PBXBuildFile section */

/* Begin PBXCopyFilesBuildPhase section */
		A13AB5E81AA584B3001FACF1 /* CopyFiles */ = {
			isa = PBXCopyFilesBuildPhase;
			buildActionMask = 2147483647;
			dstPath = /usr/share/man/man1/;
			dstSubfolderSpec = 0;
			files = (
			);
			runOnlyForDeploymentPostprocessing = 1;
		};
/* End PBXCopyFilesBuildPhase section */

/* Begin PBXFileReference section */
		A13AB5EA1AA584B3001FACF1 /* Pointer Arithmetic */ = {isa = PBXFileReference; explicitFileType = "compiled.mach-o.executable"; includeInIndex = 0; path = "Pointer Arithmetic"; sourceTree = BUILT_PRODUCTS_DIR; };
		A13AB5ED1AA584B3001FACF1 /* main.cpp */ = {isa = PBXFileReference; lastKnownFileType = sourcecode.cpp.cpp; path = main.cpp; sourceTree = "<group>"; };
		A13AB74E1AA58DA9001FACF1 /* gtest.framework */ = {isa = PBXFileReference; lastKnownFileType = wrapper.framework; name = gtest.framework; path = ../gtest.framework; sourceTree = "<group>"; };
		A13AB7501AA58DBA001FACF1 /* pointer_funcs.cpp */ = {isa = PBXFileReference; lastKnownFileType = sourcecode.cpp.cpp; path = pointer_funcs.cpp; sourceTree = "<group>"; };
		A13AB7511AA58DBA001FACF1 /* pointer_funcs.h */ = {isa = PBXFileReference; lastKnownFileType = sourcecode.c.h; path = pointer_funcs.h; sourceTree = "<group>"; };
		A13AB7531AA58DBA001FACF1 /* 1_find_next_tests.cpp */ = {isa = PBXFileReference; lastKnownFileType = sourcecode.cpp.cpp; path = 1_find_next_tests.cpp; sourceTree = "<group>"; };
		A13AB7541AA58DBA001FACF1 /* 2_find_nth_tests.cpp */ = {isa = PBXFileReference; lastKnownFileType = sourcecode.cpp.cpp; path = 2_find_nth_tests.cpp; sourceTree = "<group>"; };
		A13AB7551AA58DBA001FACF1 /* 3_get_value_tests.cpp */ = {isa = PBXFileReference; lastKnownFileType = sourcecode.cpp.cpp; path = 3_get_value_tests.cpp; sourceTree = "<group>"; };
		A13AB7561AA58DBA001FACF1 /* 4_get_nth_value_tests.cpp */ = {isa = PBXFileReference; lastKnownFileType = sourcecode.cpp.cpp; path = 4_get_nth_value_tests.cpp; sourceTree = "<group>"; };
/* End PBXFileReference section */

/* Begin PBXFrameworksBuildPhase section */
		A13AB5E71AA584B3001FACF1 /* Frameworks */ = {
			isa = PBXFrameworksBuildPhase;
			buildActionMask = 2147483647;
			files = (
				A13AB74F1AA58DA9001FACF1 /* gtest.framework in Frameworks */,
			);
			runOnlyForDeploymentPostprocessing = 0;
		};
/* End PBXFrameworksBuildPhase section */

/* Begin PBXGroup section */
		A13AB5E11AA584B3001FACF1 = {
			isa = PBXGroup;
			children = (
				A13AB74E1AA58DA9001FACF1 /* gtest.framework */,
				A13AB5EC1AA584B3001FACF1 /* Pointer Arithmetic */,
				A13AB5EB1AA584B3001FACF1 /* Products */,
			);
			sourceTree = "<group>";
		};
		A13AB5EB1AA584B3001FACF1 /* Products */ = {
			isa = PBXGroup;
			children = (
				A13AB5EA1AA584B3001FACF1 /* Pointer Arithmetic */,
			);
			name = Products;
			sourceTree = "<group>";
		};
		A13AB5EC1AA584B3001FACF1 /* Pointer Arithmetic */ = {
			isa = PBXGroup;
			children = (
				A13AB5ED1AA584B3001FACF1 /* main.cpp */,
				A13AB7501AA58DBA001FACF1 /* pointer_funcs.cpp */,
				A13AB7511AA58DBA001FACF1 /* pointer_funcs.h */,
				A13AB7521AA58DBA001FACF1 /* tests */,
			);
			path = "Pointer Arithmetic";
			sourceTree = "<group>";
		};
		A13AB7521AA58DBA001FACF1 /* tests */ = {
			isa = PBXGroup;
			children = (
				A13AB7531AA58DBA001FACF1 /* 1_find_next_tests.cpp */,
				A13AB7541AA58DBA001FACF1 /* 2_find_nth_tests.cpp */,
				A13AB7551AA58DBA001FACF1 /* 3_get_value_tests.cpp */,
				A13AB7561AA58DBA001FACF1 /* 4_get_nth_value_tests.cpp */,
			);
			path = tests;
			sourceTree = "<group>";
		};
/* End PBXGroup section */

/* Begin PBXNativeTarget section */
		A13AB5E91AA584B3001FACF1 /* Pointer Arithmetic */ = {
			isa = PBXNativeTarget;
			buildConfigurationList = A13AB5F11AA584B3001FACF1 /* Build configuration list for PBXNativeTarget "Pointer Arithmetic" */;
			buildPhases = (
				A13AB5E61AA584B3001FACF1 /* Sources */,
				A13AB5E71AA584B3001FACF1 /* Frameworks */,
				A13AB5E81AA584B3001FACF1 /* CopyFiles */,
			);
			buildRules = (
			);
			dependencies = (
			);
			name = "Pointer Arithmetic";
			productName = "Pointer Arithmetic";
			productReference = A13AB5EA1AA584B3001FACF1 /* Pointer Arithmetic */;
			productType = "com.apple.product-type.tool";
		};
/* End PBXNativeTarget section */

/* Begin PBXProject section */
		A13AB5E21AA584B3001FACF1 /* Project object */ = {
			isa = PBXProject;
			attributes = {
				LastUpgradeCheck = 0610;
				ORGANIZATIONNAME = "Trendly Creations";
				TargetAttributes = {
					A13AB5E91AA584B3001FACF1 = {
						CreatedOnToolsVersion = 6.1.1;
					};
				};
			};
			buildConfigurationList = A13AB5E51AA584B3001FACF1 /* Build configuration list for PBXProject "Pointer Arithmetic" */;
			compatibilityVersion = "Xcode 3.2";
			developmentRegion = English;
			hasScannedForEncodings = 0;
			knownRegions = (
				en,
			);
			mainGroup = A13AB5E11AA584B3001FACF1;
			productRefGroup = A13AB5EB1AA584B3001FACF1 /* Products */;
			projectDirPath = "";
			projectRoot = "";
			targets = (
				A13AB5E91AA584B3001FACF1 /* Pointer Arithmetic */,
			);
		};
/* End PBXProject section */

/* Begin PBXSourcesBuildPhase section */
		A13AB5E61AA584B3001FACF1 /* Sources */ = {
			isa = PBXSourcesBuildPhase;
			buildActionMask = 2147483647;
			files = (
				A13AB7571AA58DEE001FACF1 /* pointer_funcs.cpp in Sources */,
				A13AB7581AA58DEE001FACF1 /* pointer_funcs.h in Sources */,
				A13AB7591AA58DEE001FACF1 /* 1_find_next_tests.cpp in Sources */,
				A13AB75A1AA58DEE001FACF1 /* 2_find_nth_tests.cpp in Sources */,
				A13AB75B1AA58DEE001FACF1 /* 3_get_value_tests.cpp in Sources */,
				A13AB75C1AA58DEE001FACF1 /* 4_get_nth_value_tests.cpp in Sources */,
				A13AB5EE1AA584B3001FACF1 /* main.cpp in Sources */,
			);
			runOnlyForDeploymentPostprocessing = 0;
		};
/* End PBXSourcesBuildPhase section */

/* Begin XCBuildConfiguration section */
		A13AB5EF1AA584B3001FACF1 /* Debug */ = {
			isa = XCBuildConfiguration;
			buildSettings = {
				ALWAYS_SEARCH_USER_PATHS = NO;
				CLANG_CXX_LANGUAGE_STANDARD = "gnu++0x";
				CLANG_CXX_LIBRARY = "libc++";
				CLANG_ENABLE_MODULES = YES;
				CLANG_ENABLE_OBJC_ARC = YES;
				CLANG_WARN_BOOL_CONVERSION = YES;
				CLANG_WARN_CONSTANT_CONVERSION = YES;
				CLANG_WARN_DIRECT_OBJC_ISA_USAGE = YES_ERROR;
				CLANG_WARN_EMPTY_BODY = YES;
				CLANG_WARN_ENUM_CONVERSION = YES;
				CLANG_WARN_INT_CONVERSION = YES;
				CLANG_WARN_OBJC_ROOT_CLASS = YES_ERROR;
				CLANG_WARN_UNREACHABLE_CODE = YES;
				CLANG_WARN__DUPLICATE_METHOD_MATCH = YES;
				COPY_PHASE_STRIP = NO;
				ENABLE_STRICT_OBJC_MSGSEND = YES;
				GCC_C_LANGUAGE_STANDARD = gnu99;
				GCC_DYNAMIC_NO_PIC = NO;
				GCC_OPTIMIZATION_LEVEL = 0;
				GCC_PREPROCESSOR_DEFINITIONS = (
					"DEBUG=1",
					"$(inherited)",
				);
				GCC_SYMBOLS_PRIVATE_EXTERN = NO;
				GCC_WARN_64_TO_32_BIT_CONVERSION = YES;
				GCC_WARN_ABOUT_RETURN_TYPE = YES_ERROR;
				GCC_WARN_UNDECLARED_SELECTOR = YES;
				GCC_WARN_UNINITIALIZED_AUTOS = YES_AGGRESSIVE;
				GCC_WARN_UNUSED_FUNCTION = YES;
				GCC_WARN_UNUSED_VARIABLE = YES;
				MACOSX_DEPLOYMENT_TARGET = 10.10;
				MTL_ENABLE_DEBUG_INFO = YES;
				ONLY_ACTIVE_ARCH = YES;
				SDKROOT = macosx;
			};
			name = Debug;
		};
		A13AB5F01AA584B3001FACF1 /* Release */ = {
			isa = XCBuildConfiguration;
			buildSettings = {
				ALWAYS_SEARCH_USER_PATHS = NO;
				CLANG_CXX_LANGUAGE_STANDARD = "gnu++0x";
				CLANG_CXX_LIBRARY = "libc++";
				CLANG_ENABLE_MODULES = YES;
				CLANG_ENABLE_OBJC_ARC = YES;
				CLANG_WARN_BOOL_CONVERSION = YES;
				CLANG_WARN_CONSTANT_CONVERSION = YES;
				CLANG_WARN_DIRECT_OBJC_ISA_USAGE = YES_ERROR;
				CLANG_WARN_EMPTY_BODY = YES;
				CLANG_WARN_ENUM_CONVERSION = YES;
				CLANG_WARN_INT_CONVERSION = YES;
				CLANG_WARN_OBJC_ROOT_CLASS = YES_ERROR;
				CLANG_WARN_UNREACHABLE_CODE = YES;
				CLANG_WARN__DUPLICATE_METHOD_MATCH = YES;
				COPY_PHASE_STRIP = YES;
				DEBUG_INFORMATION_FORMAT = "dwarf-with-dsym";
				ENABLE_NS_ASSERTIONS = NO;
				ENABLE_STRICT_OBJC_MSGSEND = YES;
				GCC_C_LANGUAGE_STANDARD = gnu99;
				GCC_WARN_64_TO_32_BIT_CONVERSION = YES;
				GCC_WARN_ABOUT_RETURN_TYPE = YES_ERROR;
				GCC_WARN_UNDECLARED_SELECTOR = YES;
				GCC_WARN_UNINITIALIZED_AUTOS = YES_AGGRESSIVE;
				GCC_WARN_UNUSED_FUNCTION = YES;
				GCC_WARN_UNUSED_VARIABLE = YES;
				MACOSX_DEPLOYMENT_TARGET = 10.10;
				MTL_ENABLE_DEBUG_INFO = NO;
				SDKROOT = macosx;
			};
			name = Release;
		};
		A13AB5F21AA584B3001FACF1 /* Debug */ = {
			isa = XCBuildConfiguration;
			buildSettings = {
				FRAMEWORK_SEARCH_PATHS = (
					"$(inherited)",
					"/Sources/school/cs-3005",
				);
				PRODUCT_NAME = "$(TARGET_NAME)";
			};
			name = Debug;
		};
		A13AB5F31AA584B3001FACF1 /* Release */ = {
			isa = XCBuildConfiguration;
			buildSettings = {
				FRAMEWORK_SEARCH_PATHS = (
					"$(inherited)",
					"/Sources/school/cs-3005",
				);
				PRODUCT_NAME = "$(TARGET_NAME)";
			};
			name = Release;
		};
/* End XCBuildConfiguration section */

/* Begin XCConfigurationList section */
		A13AB5E51AA584B3001FACF1 /* Build configuration list for PBXProject "Pointer Arithmetic" */ = {
			isa = XCConfigurationList;
			buildConfigurations = (
				A13AB5EF1AA584B3001FACF1 /* Debug */,
				A13AB5F01AA584B3001FACF1 /* Release */,
			);
			defaultConfigurationIsVisible = 0;
			defaultConfigurationName = Release;
		};
		A13AB5F11AA584B3001FACF1 /* Build configuration list for PBXNativeTarget "Pointer Arithmetic" */ = {
			isa = XCConfigurationList;
			buildConfigurations = (
				A13AB5F21AA584B3001FACF1 /* Debug */,
				A13AB5F31AA584B3001FACF1 /* Release */,
			);
			defaultConfigurationIsVisible = 0;
		};
/* End XCConfigurationList section */
	};
	rootObject = A13AB5E21AA584B3001FACF1 /* Project object */;
}
