// !$*UTF8*$!
{
	archiveVersion = 1;
	classes = {
	};
	objectVersion = 46;
	objects = {

/* Begin PBXBuildFile section */
		A13AB6991AA58660001FACF1 /* main.cpp in Sources */ = {isa = PBXBuildFile; fileRef = A13AB6981AA58660001FACF1 /* main.cpp */; };
		A13AB6CD1AA589C2001FACF1 /* gtest.framework in Frameworks */ = {isa = PBXBuildFile; fileRef = A13AB6CC1AA589C2001FACF1 /* gtest.framework */; };
		A13AB6D41AA58A19001FACF1 /* mouse_funcs.cpp in Sources */ = {isa = PBXBuildFile; fileRef = A13AB6CE1AA589DC001FACF1 /* mouse_funcs.cpp */; };
		A13AB6D51AA58A19001FACF1 /* mouse_funcs.h in Sources */ = {isa = PBXBuildFile; fileRef = A13AB6CF1AA589DC001FACF1 /* mouse_funcs.h */; };
		A13AB6D61AA58A19001FACF1 /* Mouse.cpp in Sources */ = {isa = PBXBuildFile; fileRef = A13AB6D01AA589DC001FACF1 /* Mouse.cpp */; };
		A13AB6D71AA58A19001FACF1 /* Mouse.h in Sources */ = {isa = PBXBuildFile; fileRef = A13AB6D11AA589DC001FACF1 /* Mouse.h */; };
		A13AB6D81AA58A19001FACF1 /* 1_mouse_tests.cpp in Sources */ = {isa = PBXBuildFile; fileRef = A13AB6D31AA589DC001FACF1 /* 1_mouse_tests.cpp */; };
/* End PBXBuildFile section */

/* Begin PBXCopyFilesBuildPhase section */
		A13AB6931AA58660001FACF1 /* CopyFiles */ = {
			isa = PBXCopyFilesBuildPhase;
			buildActionMask = 2147483647;
			dstPath = /usr/share/man/man1/;
			dstSubfolderSpec = 0;
			files = (
			);
			runOnlyForDeploymentPostprocessing = 1;
		};
/* End PBXCopyFilesBuildPhase section */

/* Begin PBXFileReference section */
		A13AB6951AA58660001FACF1 /* Mouse Class */ = {isa = PBXFileReference; explicitFileType = "compiled.mach-o.executable"; includeInIndex = 0; path = "Mouse Class"; sourceTree = BUILT_PRODUCTS_DIR; };
		A13AB6981AA58660001FACF1 /* main.cpp */ = {isa = PBXFileReference; lastKnownFileType = sourcecode.cpp.cpp; path = main.cpp; sourceTree = "<group>"; };
		A13AB6CC1AA589C2001FACF1 /* gtest.framework */ = {isa = PBXFileReference; lastKnownFileType = wrapper.framework; name = gtest.framework; path = ../gtest.framework; sourceTree = "<group>"; };
		A13AB6CE1AA589DC001FACF1 /* mouse_funcs.cpp */ = {isa = PBXFileReference; lastKnownFileType = sourcecode.cpp.cpp; path = mouse_funcs.cpp; sourceTree = "<group>"; };
		A13AB6CF1AA589DC001FACF1 /* mouse_funcs.h */ = {isa = PBXFileReference; lastKnownFileType = sourcecode.c.h; path = mouse_funcs.h; sourceTree = "<group>"; };
		A13AB6D01AA589DC001FACF1 /* Mouse.cpp */ = {isa = PBXFileReference; lastKnownFileType = sourcecode.cpp.cpp; path = Mouse.cpp; sourceTree = "<group>"; };
		A13AB6D11AA589DC001FACF1 /* Mouse.h */ = {isa = PBXFileReference; lastKnownFileType = sourcecode.c.h; path = Mouse.h; sourceTree = "<group>"; };
		A13AB6D31AA589DC001FACF1 /* 1_mouse_tests.cpp */ = {isa = PBXFileReference; lastKnownFileType = sourcecode.cpp.cpp; path = 1_mouse_tests.cpp; sourceTree = "<group>"; };
/* End PBXFileReference section */

/* Begin PBXFrameworksBuildPhase section */
		A13AB6921AA58660001FACF1 /* Frameworks */ = {
			isa = PBXFrameworksBuildPhase;
			buildActionMask = 2147483647;
			files = (
				A13AB6CD1AA589C2001FACF1 /* gtest.framework in Frameworks */,
			);
			runOnlyForDeploymentPostprocessing = 0;
		};
/* End PBXFrameworksBuildPhase section */

/* Begin PBXGroup section */
		A13AB68C1AA58660001FACF1 = {
			isa = PBXGroup;
			children = (
				A13AB6CC1AA589C2001FACF1 /* gtest.framework */,
				A13AB6971AA58660001FACF1 /* Mouse Class */,
				A13AB6961AA58660001FACF1 /* Products */,
			);
			sourceTree = "<group>";
		};
		A13AB6961AA58660001FACF1 /* Products */ = {
			isa = PBXGroup;
			children = (
				A13AB6951AA58660001FACF1 /* Mouse Class */,
			);
			name = Products;
			sourceTree = "<group>";
		};
		A13AB6971AA58660001FACF1 /* Mouse Class */ = {
			isa = PBXGroup;
			children = (
				A13AB6981AA58660001FACF1 /* main.cpp */,
				A13AB6CE1AA589DC001FACF1 /* mouse_funcs.cpp */,
				A13AB6CF1AA589DC001FACF1 /* mouse_funcs.h */,
				A13AB6D01AA589DC001FACF1 /* Mouse.cpp */,
				A13AB6D11AA589DC001FACF1 /* Mouse.h */,
				A13AB6D21AA589DC001FACF1 /* tests */,
			);
			path = "Mouse Class";
			sourceTree = "<group>";
		};
		A13AB6D21AA589DC001FACF1 /* tests */ = {
			isa = PBXGroup;
			children = (
				A13AB6D31AA589DC001FACF1 /* 1_mouse_tests.cpp */,
			);
			path = tests;
			sourceTree = "<group>";
		};
/* End PBXGroup section */

/* Begin PBXNativeTarget section */
		A13AB6941AA58660001FACF1 /* Mouse Class */ = {
			isa = PBXNativeTarget;
			buildConfigurationList = A13AB69C1AA58660001FACF1 /* Build configuration list for PBXNativeTarget "Mouse Class" */;
			buildPhases = (
				A13AB6911AA58660001FACF1 /* Sources */,
				A13AB6921AA58660001FACF1 /* Frameworks */,
				A13AB6931AA58660001FACF1 /* CopyFiles */,
			);
			buildRules = (
			);
			dependencies = (
			);
			name = "Mouse Class";
			productName = "Mouse Class";
			productReference = A13AB6951AA58660001FACF1 /* Mouse Class */;
			productType = "com.apple.product-type.tool";
		};
/* End PBXNativeTarget section */

/* Begin PBXProject section */
		A13AB68D1AA58660001FACF1 /* Project object */ = {
			isa = PBXProject;
			attributes = {
				LastUpgradeCheck = 0610;
				ORGANIZATIONNAME = "Trendly Creations";
				TargetAttributes = {
					A13AB6941AA58660001FACF1 = {
						CreatedOnToolsVersion = 6.1.1;
					};
				};
			};
			buildConfigurationList = A13AB6901AA58660001FACF1 /* Build configuration list for PBXProject "Mouse Class" */;
			compatibilityVersion = "Xcode 3.2";
			developmentRegion = English;
			hasScannedForEncodings = 0;
			knownRegions = (
				en,
			);
			mainGroup = A13AB68C1AA58660001FACF1;
			productRefGroup = A13AB6961AA58660001FACF1 /* Products */;
			projectDirPath = "";
			projectRoot = "";
			targets = (
				A13AB6941AA58660001FACF1 /* Mouse Class */,
			);
		};
/* End PBXProject section */

/* Begin PBXSourcesBuildPhase section */
		A13AB6911AA58660001FACF1 /* Sources */ = {
			isa = PBXSourcesBuildPhase;
			buildActionMask = 2147483647;
			files = (
				A13AB6D41AA58A19001FACF1 /* mouse_funcs.cpp in Sources */,
				A13AB6D51AA58A19001FACF1 /* mouse_funcs.h in Sources */,
				A13AB6D61AA58A19001FACF1 /* Mouse.cpp in Sources */,
				A13AB6D71AA58A19001FACF1 /* Mouse.h in Sources */,
				A13AB6D81AA58A19001FACF1 /* 1_mouse_tests.cpp in Sources */,
				A13AB6991AA58660001FACF1 /* main.cpp in Sources */,
			);
			runOnlyForDeploymentPostprocessing = 0;
		};
/* End PBXSourcesBuildPhase section */

/* Begin XCBuildConfiguration section */
		A13AB69A1AA58660001FACF1 /* Debug */ = {
			isa = XCBuildConfiguration;
			buildSettings = {
				ALWAYS_SEARCH_USER_PATHS = NO;
				CLANG_CXX_LANGUAGE_STANDARD = "gnu++0x";
				CLANG_CXX_LIBRARY = "libc++";
				CLANG_ENABLE_MODULES = YES;
				CLANG_ENABLE_OBJC_ARC = YES;
				CLANG_WARN_BOOL_CONVERSION = YES;
				CLANG_WARN_CONSTANT_CONVERSION = YES;
				CLANG_WARN_DIRECT_OBJC_ISA_USAGE = YES_ERROR;
				CLANG_WARN_EMPTY_BODY = YES;
				CLANG_WARN_ENUM_CONVERSION = YES;
				CLANG_WARN_INT_CONVERSION = YES;
				CLANG_WARN_OBJC_ROOT_CLASS = YES_ERROR;
				CLANG_WARN_UNREACHABLE_CODE = YES;
				CLANG_WARN__DUPLICATE_METHOD_MATCH = YES;
				COPY_PHASE_STRIP = NO;
				ENABLE_STRICT_OBJC_MSGSEND = YES;
				GCC_C_LANGUAGE_STANDARD = gnu99;
				GCC_DYNAMIC_NO_PIC = NO;
				GCC_OPTIMIZATION_LEVEL = 0;
				GCC_PREPROCESSOR_DEFINITIONS = (
					"DEBUG=1",
					"$(inherited)",
				);
				GCC_SYMBOLS_PRIVATE_EXTERN = NO;
				GCC_WARN_64_TO_32_BIT_CONVERSION = YES;
				GCC_WARN_ABOUT_RETURN_TYPE = YES_ERROR;
				GCC_WARN_UNDECLARED_SELECTOR = YES;
				GCC_WARN_UNINITIALIZED_AUTOS = YES_AGGRESSIVE;
				GCC_WARN_UNUSED_FUNCTION = YES;
				GCC_WARN_UNUSED_VARIABLE = YES;
				MACOSX_DEPLOYMENT_TARGET = 10.10;
				MTL_ENABLE_DEBUG_INFO = YES;
				ONLY_ACTIVE_ARCH = YES;
				SDKROOT = macosx;
			};
			name = Debug;
		};
		A13AB69B1AA58660001FACF1 /* Release */ = {
			isa = XCBuildConfiguration;
			buildSettings = {
				ALWAYS_SEARCH_USER_PATHS = NO;
				CLANG_CXX_LANGUAGE_STANDARD = "gnu++0x";
				CLANG_CXX_LIBRARY = "libc++";
				CLANG_ENABLE_MODULES = YES;
				CLANG_ENABLE_OBJC_ARC = YES;
				CLANG_WARN_BOOL_CONVERSION = YES;
				CLANG_WARN_CONSTANT_CONVERSION = YES;
				CLANG_WARN_DIRECT_OBJC_ISA_USAGE = YES_ERROR;
				CLANG_WARN_EMPTY_BODY = YES;
				CLANG_WARN_ENUM_CONVERSION = YES;
				CLANG_WARN_INT_CONVERSION = YES;
				CLANG_WARN_OBJC_ROOT_CLASS = YES_ERROR;
				CLANG_WARN_UNREACHABLE_CODE = YES;
				CLANG_WARN__DUPLICATE_METHOD_MATCH = YES;
				COPY_PHASE_STRIP = YES;
				DEBUG_INFORMATION_FORMAT = "dwarf-with-dsym";
				ENABLE_NS_ASSERTIONS = NO;
				ENABLE_STRICT_OBJC_MSGSEND = YES;
				GCC_C_LANGUAGE_STANDARD = gnu99;
				GCC_WARN_64_TO_32_BIT_CONVERSION = YES;
				GCC_WARN_ABOUT_RETURN_TYPE = YES_ERROR;
				GCC_WARN_UNDECLARED_SELECTOR = YES;
				GCC_WARN_UNINITIALIZED_AUTOS = YES_AGGRESSIVE;
				GCC_WARN_UNUSED_FUNCTION = YES;
				GCC_WARN_UNUSED_VARIABLE = YES;
				MACOSX_DEPLOYMENT_TARGET = 10.10;
				MTL_ENABLE_DEBUG_INFO = NO;
				SDKROOT = macosx;
			};
			name = Release;
		};
		A13AB69D1AA58660001FACF1 /* Debug */ = {
			isa = XCBuildConfiguration;
			buildSettings = {
				FRAMEWORK_SEARCH_PATHS = (
					"$(inherited)",
					"/Sources/school/cs-3005",
				);
				PRODUCT_NAME = "$(TARGET_NAME)";
			};
			name = Debug;
		};
		A13AB69E1AA58660001FACF1 /* Release */ = {
			isa = XCBuildConfiguration;
			buildSettings = {
				FRAMEWORK_SEARCH_PATHS = (
					"$(inherited)",
					"/Sources/school/cs-3005",
				);
				PRODUCT_NAME = "$(TARGET_NAME)";
			};
			name = Release;
		};
/* End XCBuildConfiguration section */

/* Begin XCConfigurationList section */
		A13AB6901AA58660001FACF1 /* Build configuration list for PBXProject "Mouse Class" */ = {
			isa = XCConfigurationList;
			buildConfigurations = (
				A13AB69A1AA58660001FACF1 /* Debug */,
				A13AB69B1AA58660001FACF1 /* Release */,
			);
			defaultConfigurationIsVisible = 0;
			defaultConfigurationName = Release;
		};
		A13AB69C1AA58660001FACF1 /* Build configuration list for PBXNativeTarget "Mouse Class" */ = {
			isa = XCConfigurationList;
			buildConfigurations = (
				A13AB69D1AA58660001FACF1 /* Debug */,
				A13AB69E1AA58660001FACF1 /* Release */,
			);
			defaultConfigurationIsVisible = 0;
		};
/* End XCConfigurationList section */
	};
	rootObject = A13AB68D1AA58660001FACF1 /* Project object */;
}
