// !$*UTF8*$!
{
	archiveVersion = 1;
	classes = {
	};
	objectVersion = 46;
	objects = {

/* Begin PBXBuildFile section */
		A145DE5D1AFA715D00985404 /* 2_int_list_tests.cpp in Sources */ = {isa = PBXBuildFile; fileRef = A145DE5B1AFA715D00985404 /* 2_int_list_tests.cpp */; };
		A145DE5E1AFA715D00985404 /* 2_student_list_tests.cpp in Sources */ = {isa = PBXBuildFile; fileRef = A145DE5C1AFA715D00985404 /* 2_student_list_tests.cpp */; };
		A145DE631AFA721700985404 /* 3_student_list_tests.cpp in Sources */ = {isa = PBXBuildFile; fileRef = A145DE621AFA721700985404 /* 3_student_list_tests.cpp */; };
		A145DE681AFA734C00985404 /* 4_int_list_tests.cpp in Sources */ = {isa = PBXBuildFile; fileRef = A145DE661AFA734C00985404 /* 4_int_list_tests.cpp */; };
		A1A086EF1ADB3A8C005C66D5 /* main.cpp in Sources */ = {isa = PBXBuildFile; fileRef = A1F024571ABA739200BF2FB3 /* main.cpp */; };
		A1A086F01ADB3A8C005C66D5 /* IntAux.cpp in Sources */ = {isa = PBXBuildFile; fileRef = A1F024541ABA739200BF2FB3 /* IntAux.cpp */; };
		A1A086F11ADB3A8C005C66D5 /* IntAux.h in Sources */ = {isa = PBXBuildFile; fileRef = A1F024551ABA739200BF2FB3 /* IntAux.h */; };
		A1A086F21ADB3A8C005C66D5 /* LinkedList.h in Sources */ = {isa = PBXBuildFile; fileRef = A1F024561ABA739200BF2FB3 /* LinkedList.h */; };
		A1A086F31ADB3A8C005C66D5 /* Student.cpp in Sources */ = {isa = PBXBuildFile; fileRef = A1F024581ABA739200BF2FB3 /* Student.cpp */; };
		A1A086F41ADB3A8C005C66D5 /* Student.h in Sources */ = {isa = PBXBuildFile; fileRef = A1F024591ABA739200BF2FB3 /* Student.h */; };
		A1A086F51ADB3A8C005C66D5 /* StudentAux.cpp in Sources */ = {isa = PBXBuildFile; fileRef = A1F0245A1ABA739200BF2FB3 /* StudentAux.cpp */; };
		A1A086F61ADB3A8C005C66D5 /* StudentAux.h in Sources */ = {isa = PBXBuildFile; fileRef = A1F0245B1ABA739200BF2FB3 /* StudentAux.h */; };
		A1A086F71ADB3A8C005C66D5 /* 1_int_list_tests.cpp in Sources */ = {isa = PBXBuildFile; fileRef = A1F0245D1ABA739200BF2FB3 /* 1_int_list_tests.cpp */; };
		A1A086F81ADB3A8C005C66D5 /* 1_student_list_tests.cpp in Sources */ = {isa = PBXBuildFile; fileRef = A1F0245E1ABA739200BF2FB3 /* 1_student_list_tests.cpp */; };
		A1F024531ABA730200BF2FB3 /* gtest.framework in Frameworks */ = {isa = PBXBuildFile; fileRef = A1F024521ABA730200BF2FB3 /* gtest.framework */; };
/* End PBXBuildFile section */

/* Begin PBXCopyFilesBuildPhase section */
		A1F024461ABA72EA00BF2FB3 /* CopyFiles */ = {
			isa = PBXCopyFilesBuildPhase;
			buildActionMask = 2147483647;
			dstPath = /usr/share/man/man1/;
			dstSubfolderSpec = 0;
			files = (
			);
			runOnlyForDeploymentPostprocessing = 1;
		};
/* End PBXCopyFilesBuildPhase section */

/* Begin PBXFileReference section */
		A145DE5B1AFA715D00985404 /* 2_int_list_tests.cpp */ = {isa = PBXFileReference; fileEncoding = 4; lastKnownFileType = sourcecode.cpp.cpp; path = 2_int_list_tests.cpp; sourceTree = "<group>"; };
		A145DE5C1AFA715D00985404 /* 2_student_list_tests.cpp */ = {isa = PBXFileReference; fileEncoding = 4; lastKnownFileType = sourcecode.cpp.cpp; path = 2_student_list_tests.cpp; sourceTree = "<group>"; };
		A145DE5F1AFA721700985404 /* 3_DeleteNames-CS3005.txt */ = {isa = PBXFileReference; fileEncoding = 4; lastKnownFileType = text; path = "3_DeleteNames-CS3005.txt"; sourceTree = "<group>"; };
		A145DE601AFA721700985404 /* 3_InsertNames-CS3005.txt */ = {isa = PBXFileReference; fileEncoding = 4; lastKnownFileType = text; path = "3_InsertNames-CS3005.txt"; sourceTree = "<group>"; };
		A145DE611AFA721700985404 /* 3_RetrieveNames-CS3005.txt */ = {isa = PBXFileReference; fileEncoding = 4; lastKnownFileType = text; path = "3_RetrieveNames-CS3005.txt"; sourceTree = "<group>"; };
		A145DE621AFA721700985404 /* 3_student_list_tests.cpp */ = {isa = PBXFileReference; fileEncoding = 4; lastKnownFileType = sourcecode.cpp.cpp; path = 3_student_list_tests.cpp; sourceTree = "<group>"; };
		A145DE641AFA734C00985404 /* 4_DeleteNums-CS3005.txt */ = {isa = PBXFileReference; fileEncoding = 4; lastKnownFileType = text; path = "4_DeleteNums-CS3005.txt"; sourceTree = "<group>"; };
		A145DE651AFA734C00985404 /* 4_InsertNums-CS3005.txt */ = {isa = PBXFileReference; fileEncoding = 4; lastKnownFileType = text; path = "4_InsertNums-CS3005.txt"; sourceTree = "<group>"; };
		A145DE661AFA734C00985404 /* 4_int_list_tests.cpp */ = {isa = PBXFileReference; fileEncoding = 4; lastKnownFileType = sourcecode.cpp.cpp; path = 4_int_list_tests.cpp; sourceTree = "<group>"; };
		A145DE671AFA734C00985404 /* 4_RetrieveNums-CS3005.txt */ = {isa = PBXFileReference; fileEncoding = 4; lastKnownFileType = text; path = "4_RetrieveNums-CS3005.txt"; sourceTree = "<group>"; };
		A1F024481ABA72EA00BF2FB3 /* Linked List Template */ = {isa = PBXFileReference; explicitFileType = "compiled.mach-o.executable"; includeInIndex = 0; path = "Linked List Template"; sourceTree = BUILT_PRODUCTS_DIR; };
		A1F024521ABA730200BF2FB3 /* gtest.framework */ = {isa = PBXFileReference; lastKnownFileType = wrapper.framework; name = gtest.framework; path = ../gtest.framework; sourceTree = "<group>"; };
		A1F024541ABA739200BF2FB3 /* IntAux.cpp */ = {isa = PBXFileReference; lastKnownFileType = sourcecode.cpp.cpp; path = IntAux.cpp; sourceTree = "<group>"; };
		A1F024551ABA739200BF2FB3 /* IntAux.h */ = {isa = PBXFileReference; lastKnownFileType = sourcecode.c.h; path = IntAux.h; sourceTree = "<group>"; };
		A1F024561ABA739200BF2FB3 /* LinkedList.h */ = {isa = PBXFileReference; lastKnownFileType = sourcecode.c.h; path = LinkedList.h; sourceTree = "<group>"; };
		A1F024571ABA739200BF2FB3 /* main.cpp */ = {isa = PBXFileReference; lastKnownFileType = sourcecode.cpp.cpp; path = main.cpp; sourceTree = "<group>"; };
		A1F024581ABA739200BF2FB3 /* Student.cpp */ = {isa = PBXFileReference; lastKnownFileType = sourcecode.cpp.cpp; path = Student.cpp; sourceTree = "<group>"; };
		A1F024591ABA739200BF2FB3 /* Student.h */ = {isa = PBXFileReference; lastKnownFileType = sourcecode.c.h; path = Student.h; sourceTree = "<group>"; };
		A1F0245A1ABA739200BF2FB3 /* StudentAux.cpp */ = {isa = PBXFileReference; lastKnownFileType = sourcecode.cpp.cpp; path = StudentAux.cpp; sourceTree = "<group>"; };
		A1F0245B1ABA739200BF2FB3 /* StudentAux.h */ = {isa = PBXFileReference; lastKnownFileType = sourcecode.c.h; path = StudentAux.h; sourceTree = "<group>"; };
		A1F0245D1ABA739200BF2FB3 /* 1_int_list_tests.cpp */ = {isa = PBXFileReference; lastKnownFileType = sourcecode.cpp.cpp; path = 1_int_list_tests.cpp; sourceTree = "<group>"; };
		A1F0245E1ABA739200BF2FB3 /* 1_student_list_tests.cpp */ = {isa = PBXFileReference; lastKnownFileType = sourcecode.cpp.cpp; path = 1_student_list_tests.cpp; sourceTree = "<group>"; };
/* End PBXFileReference section */

/* Begin PBXFrameworksBuildPhase section */
		A1F024451ABA72EA00BF2FB3 /* Frameworks */ = {
			isa = PBXFrameworksBuildPhase;
			buildActionMask = 2147483647;
			files = (
				A1F024531ABA730200BF2FB3 /* gtest.framework in Frameworks */,
			);
			runOnlyForDeploymentPostprocessing = 0;
		};
/* End PBXFrameworksBuildPhase section */

/* Begin PBXGroup section */
		A1F0243F1ABA72E900BF2FB3 = {
			isa = PBXGroup;
			children = (
				A1F024521ABA730200BF2FB3 /* gtest.framework */,
				A1F0244A1ABA72EA00BF2FB3 /* Linked List Template */,
				A1F024491ABA72EA00BF2FB3 /* Products */,
			);
			sourceTree = "<group>";
		};
		A1F024491ABA72EA00BF2FB3 /* Products */ = {
			isa = PBXGroup;
			children = (
				A1F024481ABA72EA00BF2FB3 /* Linked List Template */,
			);
			name = Products;
			sourceTree = "<group>";
		};
		A1F0244A1ABA72EA00BF2FB3 /* Linked List Template */ = {
			isa = PBXGroup;
			children = (
				A1F024571ABA739200BF2FB3 /* main.cpp */,
				A1F024541ABA739200BF2FB3 /* IntAux.cpp */,
				A1F024551ABA739200BF2FB3 /* IntAux.h */,
				A1F024561ABA739200BF2FB3 /* LinkedList.h */,
				A1F024581ABA739200BF2FB3 /* Student.cpp */,
				A1F024591ABA739200BF2FB3 /* Student.h */,
				A1F0245A1ABA739200BF2FB3 /* StudentAux.cpp */,
				A1F0245B1ABA739200BF2FB3 /* StudentAux.h */,
				A1F0245C1ABA739200BF2FB3 /* tests */,
			);
			path = "Linked List Template";
			sourceTree = "<group>";
		};
		A1F0245C1ABA739200BF2FB3 /* tests */ = {
			isa = PBXGroup;
			children = (
				A1F0245D1ABA739200BF2FB3 /* 1_int_list_tests.cpp */,
				A1F0245E1ABA739200BF2FB3 /* 1_student_list_tests.cpp */,
				A145DE5B1AFA715D00985404 /* 2_int_list_tests.cpp */,
				A145DE5C1AFA715D00985404 /* 2_student_list_tests.cpp */,
				A145DE621AFA721700985404 /* 3_student_list_tests.cpp */,
				A145DE5F1AFA721700985404 /* 3_DeleteNames-CS3005.txt */,
				A145DE601AFA721700985404 /* 3_InsertNames-CS3005.txt */,
				A145DE611AFA721700985404 /* 3_RetrieveNames-CS3005.txt */,
				A145DE661AFA734C00985404 /* 4_int_list_tests.cpp */,
				A145DE641AFA734C00985404 /* 4_DeleteNums-CS3005.txt */,
				A145DE651AFA734C00985404 /* 4_InsertNums-CS3005.txt */,
				A145DE671AFA734C00985404 /* 4_RetrieveNums-CS3005.txt */,
			);
			path = tests;
			sourceTree = "<group>";
		};
/* End PBXGroup section */

/* Begin PBXNativeTarget section */
		A1F024471ABA72EA00BF2FB3 /* Linked List Template */ = {
			isa = PBXNativeTarget;
			buildConfigurationList = A1F0244F1ABA72EA00BF2FB3 /* Build configuration list for PBXNativeTarget "Linked List Template" */;
			buildPhases = (
				A1F024441ABA72EA00BF2FB3 /* Sources */,
				A1F024451ABA72EA00BF2FB3 /* Frameworks */,
				A1F024461ABA72EA00BF2FB3 /* CopyFiles */,
			);
			buildRules = (
			);
			dependencies = (
			);
			name = "Linked List Template";
			productName = "Linked List Template";
			productReference = A1F024481ABA72EA00BF2FB3 /* Linked List Template */;
			productType = "com.apple.product-type.tool";
		};
/* End PBXNativeTarget section */

/* Begin PBXProject section */
		A1F024401ABA72E900BF2FB3 /* Project object */ = {
			isa = PBXProject;
			attributes = {
				LastUpgradeCheck = 0620;
				ORGANIZATIONNAME = "Trendly Creations";
				TargetAttributes = {
					A1F024471ABA72EA00BF2FB3 = {
						CreatedOnToolsVersion = 6.2;
					};
				};
			};
			buildConfigurationList = A1F024431ABA72E900BF2FB3 /* Build configuration list for PBXProject "Linked List Template" */;
			compatibilityVersion = "Xcode 3.2";
			developmentRegion = English;
			hasScannedForEncodings = 0;
			knownRegions = (
				en,
			);
			mainGroup = A1F0243F1ABA72E900BF2FB3;
			productRefGroup = A1F024491ABA72EA00BF2FB3 /* Products */;
			projectDirPath = "";
			projectRoot = "";
			targets = (
				A1F024471ABA72EA00BF2FB3 /* Linked List Template */,
			);
		};
/* End PBXProject section */

/* Begin PBXSourcesBuildPhase section */
		A1F024441ABA72EA00BF2FB3 /* Sources */ = {
			isa = PBXSourcesBuildPhase;
			buildActionMask = 2147483647;
			files = (
				A1A086EF1ADB3A8C005C66D5 /* main.cpp in Sources */,
				A1A086F01ADB3A8C005C66D5 /* IntAux.cpp in Sources */,
				A145DE5E1AFA715D00985404 /* 2_student_list_tests.cpp in Sources */,
				A1A086F11ADB3A8C005C66D5 /* IntAux.h in Sources */,
				A1A086F21ADB3A8C005C66D5 /* LinkedList.h in Sources */,
				A1A086F31ADB3A8C005C66D5 /* Student.cpp in Sources */,
				A1A086F41ADB3A8C005C66D5 /* Student.h in Sources */,
				A1A086F51ADB3A8C005C66D5 /* StudentAux.cpp in Sources */,
				A145DE681AFA734C00985404 /* 4_int_list_tests.cpp in Sources */,
				A1A086F61ADB3A8C005C66D5 /* StudentAux.h in Sources */,
				A1A086F71ADB3A8C005C66D5 /* 1_int_list_tests.cpp in Sources */,
				A1A086F81ADB3A8C005C66D5 /* 1_student_list_tests.cpp in Sources */,
				A145DE631AFA721700985404 /* 3_student_list_tests.cpp in Sources */,
				A145DE5D1AFA715D00985404 /* 2_int_list_tests.cpp in Sources */,
			);
			runOnlyForDeploymentPostprocessing = 0;
		};
/* End PBXSourcesBuildPhase section */

/* Begin XCBuildConfiguration section */
		A1F0244D1ABA72EA00BF2FB3 /* Debug */ = {
			isa = XCBuildConfiguration;
			buildSettings = {
				ALWAYS_SEARCH_USER_PATHS = NO;
				CLANG_CXX_LANGUAGE_STANDARD = "gnu++0x";
				CLANG_CXX_LIBRARY = "libc++";
				CLANG_ENABLE_MODULES = YES;
				CLANG_ENABLE_OBJC_ARC = YES;
				CLANG_WARN_BOOL_CONVERSION = YES;
				CLANG_WARN_CONSTANT_CONVERSION = YES;
				CLANG_WARN_DIRECT_OBJC_ISA_USAGE = YES_ERROR;
				CLANG_WARN_EMPTY_BODY = YES;
				CLANG_WARN_ENUM_CONVERSION = YES;
				CLANG_WARN_INT_CONVERSION = YES;
				CLANG_WARN_OBJC_ROOT_CLASS = YES_ERROR;
				CLANG_WARN_UNREACHABLE_CODE = YES;
				CLANG_WARN__DUPLICATE_METHOD_MATCH = YES;
				COPY_PHASE_STRIP = NO;
				ENABLE_STRICT_OBJC_MSGSEND = YES;
				GCC_C_LANGUAGE_STANDARD = gnu99;
				GCC_DYNAMIC_NO_PIC = NO;
				GCC_OPTIMIZATION_LEVEL = 0;
				GCC_PREPROCESSOR_DEFINITIONS = (
					"DEBUG=1",
					"$(inherited)",
				);
				GCC_SYMBOLS_PRIVATE_EXTERN = NO;
				GCC_WARN_64_TO_32_BIT_CONVERSION = YES;
				GCC_WARN_ABOUT_RETURN_TYPE = YES_ERROR;
				GCC_WARN_UNDECLARED_SELECTOR = YES;
				GCC_WARN_UNINITIALIZED_AUTOS = YES_AGGRESSIVE;
				GCC_WARN_UNUSED_FUNCTION = YES;
				GCC_WARN_UNUSED_VARIABLE = YES;
				MACOSX_DEPLOYMENT_TARGET = 10.10;
				MTL_ENABLE_DEBUG_INFO = YES;
				ONLY_ACTIVE_ARCH = YES;
				SDKROOT = macosx;
			};
			name = Debug;
		};
		A1F0244E1ABA72EA00BF2FB3 /* Release */ = {
			isa = XCBuildConfiguration;
			buildSettings = {
				ALWAYS_SEARCH_USER_PATHS = NO;
				CLANG_CXX_LANGUAGE_STANDARD = "gnu++0x";
				CLANG_CXX_LIBRARY = "libc++";
				CLANG_ENABLE_MODULES = YES;
				CLANG_ENABLE_OBJC_ARC = YES;
				CLANG_WARN_BOOL_CONVERSION = YES;
				CLANG_WARN_CONSTANT_CONVERSION = YES;
				CLANG_WARN_DIRECT_OBJC_ISA_USAGE = YES_ERROR;
				CLANG_WARN_EMPTY_BODY = YES;
				CLANG_WARN_ENUM_CONVERSION = YES;
				CLANG_WARN_INT_CONVERSION = YES;
				CLANG_WARN_OBJC_ROOT_CLASS = YES_ERROR;
				CLANG_WARN_UNREACHABLE_CODE = YES;
				CLANG_WARN__DUPLICATE_METHOD_MATCH = YES;
				COPY_PHASE_STRIP = NO;
				DEBUG_INFORMATION_FORMAT = "dwarf-with-dsym";
				ENABLE_NS_ASSERTIONS = NO;
				ENABLE_STRICT_OBJC_MSGSEND = YES;
				GCC_C_LANGUAGE_STANDARD = gnu99;
				GCC_WARN_64_TO_32_BIT_CONVERSION = YES;
				GCC_WARN_ABOUT_RETURN_TYPE = YES_ERROR;
				GCC_WARN_UNDECLARED_SELECTOR = YES;
				GCC_WARN_UNINITIALIZED_AUTOS = YES_AGGRESSIVE;
				GCC_WARN_UNUSED_FUNCTION = YES;
				GCC_WARN_UNUSED_VARIABLE = YES;
				MACOSX_DEPLOYMENT_TARGET = 10.10;
				MTL_ENABLE_DEBUG_INFO = NO;
				SDKROOT = macosx;
			};
			name = Release;
		};
		A1F024501ABA72EA00BF2FB3 /* Debug */ = {
			isa = XCBuildConfiguration;
			buildSettings = {
				CLANG_CXX_LANGUAGE_STANDARD = "gnu++14";
				FRAMEWORK_SEARCH_PATHS = (
					"$(inherited)",
					"/Sources/school/cs-3005",
				);
				PRODUCT_NAME = "$(TARGET_NAME)";
			};
			name = Debug;
		};
		A1F024511ABA72EA00BF2FB3 /* Release */ = {
			isa = XCBuildConfiguration;
			buildSettings = {
				CLANG_CXX_LANGUAGE_STANDARD = "gnu++14";
				FRAMEWORK_SEARCH_PATHS = (
					"$(inherited)",
					"/Sources/school/cs-3005",
				);
				PRODUCT_NAME = "$(TARGET_NAME)";
			};
			name = Release;
		};
/* End XCBuildConfiguration section */

/* Begin XCConfigurationList section */
		A1F024431ABA72E900BF2FB3 /* Build configuration list for PBXProject "Linked List Template" */ = {
			isa = XCConfigurationList;
			buildConfigurations = (
				A1F0244D1ABA72EA00BF2FB3 /* Debug */,
				A1F0244E1ABA72EA00BF2FB3 /* Release */,
			);
			defaultConfigurationIsVisible = 0;
			defaultConfigurationName = Release;
		};
		A1F0244F1ABA72EA00BF2FB3 /* Build configuration list for PBXNativeTarget "Linked List Template" */ = {
			isa = XCConfigurationList;
			buildConfigurations = (
				A1F024501ABA72EA00BF2FB3 /* Debug */,
				A1F024511ABA72EA00BF2FB3 /* Release */,
			);
			defaultConfigurationIsVisible = 0;
			defaultConfigurationName = Release;
		};
/* End XCConfigurationList section */
	};
	rootObject = A1F024401ABA72E900BF2FB3 /* Project object */;
}
